
Microsoft Visual Studio Solution File, Format Version 12.00
# Visual Studio 15
VisualStudioVersion = 15.0.28307.572
MinimumVisualStudioVersion = 10.0.40219.1
Project("{9A19103F-16F7-4668-BE54-9A1E7A4F7556}") = "EF.Language.AWS.Cloud.Lambda.ExternalPartner", "EF.Language.AWS.Cloud.Lambda.ExternalPartner\EF.Language.AWS.Cloud.Lambda.ExternalPartner.csproj", "{D41B945A-17F3-4285-ACF0-7FFECEE71AD6}"
EndProject
Global
	GlobalSection(SolutionConfigurationPlatforms) = preSolution
		Debug|Any CPU = Debug|Any CPU
		Release|Any CPU = Release|Any CPU
	EndGlobalSection
	GlobalSection(ProjectConfigurationPlatforms) = postSolution
		{D41B945A-17F3-4285-ACF0-7FFECEE71AD6}.Debug|Any CPU.ActiveCfg = Debug|Any CPU
		{D41B945A-17F3-4285-ACF0-7FFECEE71AD6}.Debug|Any CPU.Build.0 = Debug|Any CPU
		{D41B945A-17F3-4285-ACF0-7FFECEE71AD6}.Release|Any CPU.ActiveCfg = Release|Any CPU
		{D41B945A-17F3-4285-ACF0-7FFECEE71AD6}.Release|Any CPU.Build.0 = Release|Any CPU
	EndGlobalSection
	GlobalSection(SolutionProperties) = preSolution
		HideSolutionNode = FALSE
	EndGlobalSection
	GlobalSection(ExtensibilityGlobals) = postSolution
		SolutionGuid = {034AF505-10C3-4CFD-8D70-BB07989A6C96}
	EndGlobalSection
EndGlobal
